
Microsoft Visual Studio Solution File, Format Version 12.00
Project("{FAE04EC0-301F-11D3-BF4B-00C04F79EFBC}") = "DotA.API", "DotA.API\DotA.API.csproj", "{6E66D04F-173A-4D48-B7B3-BAF96D58282C}"
EndProject
Project("{FAE04EC0-301F-11D3-BF4B-00C04F79EFBC}") = "DataAccess", "DataAccess\DataAccess.csproj", "{355821C8-7FE7-4F05-BDB9-3297D132FC3A}"
EndProject
Project("{FAE04EC0-301F-11D3-BF4B-00C04F79EFBC}") = "Dota.API.Test", "Dota.API.Test\Dota.API.Test.csproj", "{DA537B77-AE39-4A2B-8797-3397D7149D15}"
EndProject
Global
	GlobalSection(SolutionConfigurationPlatforms) = preSolution
		Debug|Any CPU = Debug|Any CPU
		Release|Any CPU = Release|Any CPU
	EndGlobalSection
	GlobalSection(ProjectConfigurationPlatforms) = postSolution
		{6E66D04F-173A-4D48-B7B3-BAF96D58282C}.Debug|Any CPU.ActiveCfg = Debug|Any CPU
		{6E66D04F-173A-4D48-B7B3-BAF96D58282C}.Debug|Any CPU.Build.0 = Debug|Any CPU
		{6E66D04F-173A-4D48-B7B3-BAF96D58282C}.Release|Any CPU.ActiveCfg = Release|Any CPU
		{6E66D04F-173A-4D48-B7B3-BAF96D58282C}.Release|Any CPU.Build.0 = Release|Any CPU
		{355821C8-7FE7-4F05-BDB9-3297D132FC3A}.Debug|Any CPU.ActiveCfg = Debug|Any CPU
		{355821C8-7FE7-4F05-BDB9-3297D132FC3A}.Debug|Any CPU.Build.0 = Debug|Any CPU
		{355821C8-7FE7-4F05-BDB9-3297D132FC3A}.Release|Any CPU.ActiveCfg = Release|Any CPU
		{355821C8-7FE7-4F05-BDB9-3297D132FC3A}.Release|Any CPU.Build.0 = Release|Any CPU
		{DA537B77-AE39-4A2B-8797-3397D7149D15}.Debug|Any CPU.ActiveCfg = Debug|Any CPU
		{DA537B77-AE39-4A2B-8797-3397D7149D15}.Debug|Any CPU.Build.0 = Debug|Any CPU
		{DA537B77-AE39-4A2B-8797-3397D7149D15}.Release|Any CPU.ActiveCfg = Release|Any CPU
		{DA537B77-AE39-4A2B-8797-3397D7149D15}.Release|Any CPU.Build.0 = Release|Any CPU
	EndGlobalSection
EndGlobal
