
Microsoft Visual Studio Solution File, Format Version 12.00
# Visual Studio Version 17
VisualStudioVersion = 17.7.34003.232
MinimumVisualStudioVersion = 10.0.40219.1
Project("{2150E333-8FDC-42A3-9474-1A3956D46DE8}") = "Domain", "Domain", "{D8555011-9CC5-4EAF-881E-003EDD165C5F}"
EndProject
Project("{9A19103F-16F7-4668-BE54-9A1E7A4F7556}") = "DotA.API", "DotA.API\DotA.API.csproj", "{3E0548E2-D874-45C9-BD94-5B331B676E96}"
EndProject
Project("{9A19103F-16F7-4668-BE54-9A1E7A4F7556}") = "Dota.Auth", "Dota.Auth\Dota.Auth.csproj", "{9CD0EE39-0DAD-4BCE-AC81-92F3DE8D178C}"
EndProject
Project("{9A19103F-16F7-4668-BE54-9A1E7A4F7556}") = "Dota.API.Test", "Dota.API.Test\Dota.API.Test.csproj", "{B1BE0675-D90C-4766-94DA-86D3DC2B3EE1}"
EndProject
Project("{2150E333-8FDC-42A3-9474-1A3956D46DE8}") = "Common", "Common", "{822F68E1-4806-462B-AF06-DC128E0DE30B}"
EndProject
Project("{2150E333-8FDC-42A3-9474-1A3956D46DE8}") = "Solution Items", "Solution Items", "{50E5D8D0-D66E-49E4-AFF4-299D3AE163F5}"
	ProjectSection(SolutionItems) = preProject
		.editorconfig = .editorconfig
	EndProjectSection
EndProject
Project("{2150E333-8FDC-42A3-9474-1A3956D46DE8}") = "Utils", "Utils", "{05810EE0-DCD9-4D24-8D40-B5839EBFD6AF}"
EndProject
Project("{9A19103F-16F7-4668-BE54-9A1E7A4F7556}") = "Dota.Statistics", "Dota.Statistics\Dota.Statistics.csproj", "{45EE9702-81AB-4EBB-931D-1DFDDF39FED7}"
EndProject
Project("{9A19103F-16F7-4668-BE54-9A1E7A4F7556}") = "MySqlToMongoMigrator", "Utils\PostgreToMongoMigrator\MySqlToMongoMigrator.csproj", "{810D6C56-4817-4B2A-A709-D40DA86E34FA}"
EndProject
Project("{9A19103F-16F7-4668-BE54-9A1E7A4F7556}") = "Dota.Common", "Common\Dota.Common\Dota.Common.csproj", "{4557BBF4-2194-4544-982A-E9BD65F9DFD0}"
EndProject
Project("{9A19103F-16F7-4668-BE54-9A1E7A4F7556}") = "NoSql", "Domain\NoSql\NoSql.csproj", "{1FCE6158-2EFC-47C8-8C2D-766B1F373105}"
EndProject
Project("{9A19103F-16F7-4668-BE54-9A1E7A4F7556}") = "DataAccess", "Domain\DataAccess\DataAccess.csproj", "{AD64819C-C0CB-4AB1-9CD0-49D2039EB10F}"
EndProject
Global
	GlobalSection(SolutionConfigurationPlatforms) = preSolution
		Debug|Any CPU = Debug|Any CPU
		Release|Any CPU = Release|Any CPU
	EndGlobalSection
	GlobalSection(ProjectConfigurationPlatforms) = postSolution
		{3E0548E2-D874-45C9-BD94-5B331B676E96}.Debug|Any CPU.ActiveCfg = Debug|Any CPU
		{3E0548E2-D874-45C9-BD94-5B331B676E96}.Debug|Any CPU.Build.0 = Debug|Any CPU
		{3E0548E2-D874-45C9-BD94-5B331B676E96}.Release|Any CPU.ActiveCfg = Release|Any CPU
		{3E0548E2-D874-45C9-BD94-5B331B676E96}.Release|Any CPU.Build.0 = Release|Any CPU
		{9CD0EE39-0DAD-4BCE-AC81-92F3DE8D178C}.Debug|Any CPU.ActiveCfg = Debug|Any CPU
		{9CD0EE39-0DAD-4BCE-AC81-92F3DE8D178C}.Debug|Any CPU.Build.0 = Debug|Any CPU
		{9CD0EE39-0DAD-4BCE-AC81-92F3DE8D178C}.Release|Any CPU.ActiveCfg = Release|Any CPU
		{9CD0EE39-0DAD-4BCE-AC81-92F3DE8D178C}.Release|Any CPU.Build.0 = Release|Any CPU
		{B1BE0675-D90C-4766-94DA-86D3DC2B3EE1}.Debug|Any CPU.ActiveCfg = Debug|Any CPU
		{B1BE0675-D90C-4766-94DA-86D3DC2B3EE1}.Debug|Any CPU.Build.0 = Debug|Any CPU
		{B1BE0675-D90C-4766-94DA-86D3DC2B3EE1}.Release|Any CPU.ActiveCfg = Release|Any CPU
		{B1BE0675-D90C-4766-94DA-86D3DC2B3EE1}.Release|Any CPU.Build.0 = Release|Any CPU
		{45EE9702-81AB-4EBB-931D-1DFDDF39FED7}.Debug|Any CPU.ActiveCfg = Debug|Any CPU
		{45EE9702-81AB-4EBB-931D-1DFDDF39FED7}.Debug|Any CPU.Build.0 = Debug|Any CPU
		{45EE9702-81AB-4EBB-931D-1DFDDF39FED7}.Release|Any CPU.ActiveCfg = Release|Any CPU
		{45EE9702-81AB-4EBB-931D-1DFDDF39FED7}.Release|Any CPU.Build.0 = Release|Any CPU
		{810D6C56-4817-4B2A-A709-D40DA86E34FA}.Debug|Any CPU.ActiveCfg = Debug|Any CPU
		{810D6C56-4817-4B2A-A709-D40DA86E34FA}.Debug|Any CPU.Build.0 = Debug|Any CPU
		{810D6C56-4817-4B2A-A709-D40DA86E34FA}.Release|Any CPU.ActiveCfg = Release|Any CPU
		{810D6C56-4817-4B2A-A709-D40DA86E34FA}.Release|Any CPU.Build.0 = Release|Any CPU
		{4557BBF4-2194-4544-982A-E9BD65F9DFD0}.Debug|Any CPU.ActiveCfg = Debug|Any CPU
		{4557BBF4-2194-4544-982A-E9BD65F9DFD0}.Debug|Any CPU.Build.0 = Debug|Any CPU
		{4557BBF4-2194-4544-982A-E9BD65F9DFD0}.Release|Any CPU.ActiveCfg = Release|Any CPU
		{4557BBF4-2194-4544-982A-E9BD65F9DFD0}.Release|Any CPU.Build.0 = Release|Any CPU
		{1FCE6158-2EFC-47C8-8C2D-766B1F373105}.Debug|Any CPU.ActiveCfg = Debug|Any CPU
		{1FCE6158-2EFC-47C8-8C2D-766B1F373105}.Debug|Any CPU.Build.0 = Debug|Any CPU
		{1FCE6158-2EFC-47C8-8C2D-766B1F373105}.Release|Any CPU.ActiveCfg = Release|Any CPU
		{1FCE6158-2EFC-47C8-8C2D-766B1F373105}.Release|Any CPU.Build.0 = Release|Any CPU
		{AD64819C-C0CB-4AB1-9CD0-49D2039EB10F}.Debug|Any CPU.ActiveCfg = Debug|Any CPU
		{AD64819C-C0CB-4AB1-9CD0-49D2039EB10F}.Debug|Any CPU.Build.0 = Debug|Any CPU
		{AD64819C-C0CB-4AB1-9CD0-49D2039EB10F}.Release|Any CPU.ActiveCfg = Release|Any CPU
		{AD64819C-C0CB-4AB1-9CD0-49D2039EB10F}.Release|Any CPU.Build.0 = Release|Any CPU
	EndGlobalSection
	GlobalSection(SolutionProperties) = preSolution
		HideSolutionNode = FALSE
	EndGlobalSection
	GlobalSection(NestedProjects) = preSolution
		{810D6C56-4817-4B2A-A709-D40DA86E34FA} = {05810EE0-DCD9-4D24-8D40-B5839EBFD6AF}
		{4557BBF4-2194-4544-982A-E9BD65F9DFD0} = {822F68E1-4806-462B-AF06-DC128E0DE30B}
		{1FCE6158-2EFC-47C8-8C2D-766B1F373105} = {D8555011-9CC5-4EAF-881E-003EDD165C5F}
		{AD64819C-C0CB-4AB1-9CD0-49D2039EB10F} = {D8555011-9CC5-4EAF-881E-003EDD165C5F}
	EndGlobalSection
	GlobalSection(ExtensibilityGlobals) = postSolution
		SolutionGuid = {DBBA2370-81FD-44E0-B7D1-59FEFD9742B1}
	EndGlobalSection
EndGlobal
